
Microsoft Visual Studio Solution File, Format Version 12.00
# Visual Studio Version 17
VisualStudioVersion = 17.2.32616.157
MinimumVisualStudioVersion = 10.0.40219.1
Project("{FAE04EC0-301F-11D3-BF4B-00C04F79EFBC}") = "FPO_WPF_Test", "FPO_WPF_Test\FPO_WPF_Test.csproj", "{7E902CC0-FC1E-450B-AF26-4331A690555B}"
EndProject
Project("{FAE04EC0-301F-11D3-BF4B-00C04F79EFBC}") = "Driver.MODBUS", "Driver.MODBUS\Driver.MODBUS.csproj", "{FFFC191F-46A5-44D6-9208-831505A35C23}"
EndProject
Project("{FAE04EC0-301F-11D3-BF4B-00C04F79EFBC}") = "Database", "Database\Database.csproj", "{9DA604D9-06C8-4EFF-9688-E9934CE25F40}"
EndProject
Global
	GlobalSection(SolutionConfigurationPlatforms) = preSolution
		Debug|Any CPU = Debug|Any CPU
		Release|Any CPU = Release|Any CPU
	EndGlobalSection
	GlobalSection(ProjectConfigurationPlatforms) = postSolution
		{7E902CC0-FC1E-450B-AF26-4331A690555B}.Debug|Any CPU.ActiveCfg = Debug|Any CPU
		{7E902CC0-FC1E-450B-AF26-4331A690555B}.Debug|Any CPU.Build.0 = Debug|Any CPU
		{7E902CC0-FC1E-450B-AF26-4331A690555B}.Release|Any CPU.ActiveCfg = Release|Any CPU
		{7E902CC0-FC1E-450B-AF26-4331A690555B}.Release|Any CPU.Build.0 = Release|Any CPU
		{FFFC191F-46A5-44D6-9208-831505A35C23}.Debug|Any CPU.ActiveCfg = Debug|Any CPU
		{FFFC191F-46A5-44D6-9208-831505A35C23}.Debug|Any CPU.Build.0 = Debug|Any CPU
		{FFFC191F-46A5-44D6-9208-831505A35C23}.Release|Any CPU.ActiveCfg = Release|Any CPU
		{FFFC191F-46A5-44D6-9208-831505A35C23}.Release|Any CPU.Build.0 = Release|Any CPU
		{9DA604D9-06C8-4EFF-9688-E9934CE25F40}.Debug|Any CPU.ActiveCfg = Debug|Any CPU
		{9DA604D9-06C8-4EFF-9688-E9934CE25F40}.Debug|Any CPU.Build.0 = Debug|Any CPU
		{9DA604D9-06C8-4EFF-9688-E9934CE25F40}.Release|Any CPU.ActiveCfg = Release|Any CPU
		{9DA604D9-06C8-4EFF-9688-E9934CE25F40}.Release|Any CPU.Build.0 = Release|Any CPU
	EndGlobalSection
	GlobalSection(SolutionProperties) = preSolution
		HideSolutionNode = FALSE
	EndGlobalSection
	GlobalSection(ExtensibilityGlobals) = postSolution
		SolutionGuid = {F123315E-02A1-45D8-B4FB-F3AD22DE0475}
	EndGlobalSection
EndGlobal
