
Microsoft Visual Studio Solution File, Format Version 12.00
# Visual Studio Version 17
VisualStudioVersion = 17.2.32616.157
MinimumVisualStudioVersion = 10.0.40219.1
Project("{FAE04EC0-301F-11D3-BF4B-00C04F79EFBC}") = "Main", "Main\Main.csproj", "{7E902CC0-FC1E-450B-AF26-4331A690555B}"
EndProject
Project("{FAE04EC0-301F-11D3-BF4B-00C04F79EFBC}") = "Driver_MODBUS_SpeedMixer", "Driver_MODBUS\Driver_MODBUS_SpeedMixer.csproj", "{FFFC191F-46A5-44D6-9208-831505A35C23}"
EndProject
Project("{FAE04EC0-301F-11D3-BF4B-00C04F79EFBC}") = "Database", "Database\Database.csproj", "{9DA604D9-06C8-4EFF-9688-E9934CE25F40}"
EndProject
Project("{FAE04EC0-301F-11D3-BF4B-00C04F79EFBC}") = "Driver_ColdTrap", "ColdTrap\Driver_ColdTrap.csproj", "{3EAE629B-056A-48D1-8B56-14CC259A48A9}"
EndProject
Project("{FAE04EC0-301F-11D3-BF4B-00C04F79EFBC}") = "Driver_RS232_Pump", "Driver.RS232-Pump\Driver_RS232_Pump.csproj", "{2AC9C27E-6FAB-4EAA-AC2F-55691AFC24F6}"
EndProject
Project("{FAE04EC0-301F-11D3-BF4B-00C04F79EFBC}") = "Alarm_Management", "Alarm_Management\Alarm_Management.csproj", "{D55D238D-616B-4AC6-ACEC-1C6D34F94A07}"
EndProject
Project("{FAE04EC0-301F-11D3-BF4B-00C04F79EFBC}") = "User_Management", "User_Management\User_Management.csproj", "{1596B98A-6BB1-45D8-A08D-891D9165CC03}"
EndProject
Project("{FAE04EC0-301F-11D3-BF4B-00C04F79EFBC}") = "Driver_RS232", "Driver_RS232\Driver_RS232.csproj", "{995498BD-68E4-4DAD-98C3-42563DBD79D8}"
EndProject
Project("{FAE04EC0-301F-11D3-BF4B-00C04F79EFBC}") = "Driver_Ethernet", "Driver_Ethernet\Driver_Ethernet.csproj", "{141D44F7-77DD-49B2-AA86-56CFF916F13F}"
EndProject
Project("{FAE04EC0-301F-11D3-BF4B-00C04F79EFBC}") = "Driver_Ethernet_Balance", "Driver_Ethernet_Weight\Driver_Ethernet_Balance.csproj", "{44088962-C48A-4623-9CF1-5C3864EAA2EF}"
EndProject
Project("{FAE04EC0-301F-11D3-BF4B-00C04F79EFBC}") = "Message", "Message\Message.csproj", "{77B11B88-CEDA-40C3-8B83-E2EF31BCE0B3}"
EndProject
Global
	GlobalSection(SolutionConfigurationPlatforms) = preSolution
		Debug|Any CPU = Debug|Any CPU
		Debug|x86 = Debug|x86
		Release|Any CPU = Release|Any CPU
		Release|x86 = Release|x86
	EndGlobalSection
	GlobalSection(ProjectConfigurationPlatforms) = postSolution
		{7E902CC0-FC1E-450B-AF26-4331A690555B}.Debug|Any CPU.ActiveCfg = Debug|Any CPU
		{7E902CC0-FC1E-450B-AF26-4331A690555B}.Debug|Any CPU.Build.0 = Debug|Any CPU
		{7E902CC0-FC1E-450B-AF26-4331A690555B}.Debug|x86.ActiveCfg = Debug|Any CPU
		{7E902CC0-FC1E-450B-AF26-4331A690555B}.Debug|x86.Build.0 = Debug|Any CPU
		{7E902CC0-FC1E-450B-AF26-4331A690555B}.Release|Any CPU.ActiveCfg = Release|Any CPU
		{7E902CC0-FC1E-450B-AF26-4331A690555B}.Release|Any CPU.Build.0 = Release|Any CPU
		{7E902CC0-FC1E-450B-AF26-4331A690555B}.Release|x86.ActiveCfg = Release|Any CPU
		{7E902CC0-FC1E-450B-AF26-4331A690555B}.Release|x86.Build.0 = Release|Any CPU
		{FFFC191F-46A5-44D6-9208-831505A35C23}.Debug|Any CPU.ActiveCfg = Debug|Any CPU
		{FFFC191F-46A5-44D6-9208-831505A35C23}.Debug|Any CPU.Build.0 = Debug|Any CPU
		{FFFC191F-46A5-44D6-9208-831505A35C23}.Debug|x86.ActiveCfg = Debug|Any CPU
		{FFFC191F-46A5-44D6-9208-831505A35C23}.Debug|x86.Build.0 = Debug|Any CPU
		{FFFC191F-46A5-44D6-9208-831505A35C23}.Release|Any CPU.ActiveCfg = Release|Any CPU
		{FFFC191F-46A5-44D6-9208-831505A35C23}.Release|Any CPU.Build.0 = Release|Any CPU
		{FFFC191F-46A5-44D6-9208-831505A35C23}.Release|x86.ActiveCfg = Release|Any CPU
		{FFFC191F-46A5-44D6-9208-831505A35C23}.Release|x86.Build.0 = Release|Any CPU
		{9DA604D9-06C8-4EFF-9688-E9934CE25F40}.Debug|Any CPU.ActiveCfg = Debug|Any CPU
		{9DA604D9-06C8-4EFF-9688-E9934CE25F40}.Debug|Any CPU.Build.0 = Debug|Any CPU
		{9DA604D9-06C8-4EFF-9688-E9934CE25F40}.Debug|x86.ActiveCfg = Debug|Any CPU
		{9DA604D9-06C8-4EFF-9688-E9934CE25F40}.Debug|x86.Build.0 = Debug|Any CPU
		{9DA604D9-06C8-4EFF-9688-E9934CE25F40}.Release|Any CPU.ActiveCfg = Release|Any CPU
		{9DA604D9-06C8-4EFF-9688-E9934CE25F40}.Release|Any CPU.Build.0 = Release|Any CPU
		{9DA604D9-06C8-4EFF-9688-E9934CE25F40}.Release|x86.ActiveCfg = Release|Any CPU
		{9DA604D9-06C8-4EFF-9688-E9934CE25F40}.Release|x86.Build.0 = Release|Any CPU
		{3EAE629B-056A-48D1-8B56-14CC259A48A9}.Debug|Any CPU.ActiveCfg = Debug|Any CPU
		{3EAE629B-056A-48D1-8B56-14CC259A48A9}.Debug|Any CPU.Build.0 = Debug|Any CPU
		{3EAE629B-056A-48D1-8B56-14CC259A48A9}.Debug|x86.ActiveCfg = Debug|Any CPU
		{3EAE629B-056A-48D1-8B56-14CC259A48A9}.Debug|x86.Build.0 = Debug|Any CPU
		{3EAE629B-056A-48D1-8B56-14CC259A48A9}.Release|Any CPU.ActiveCfg = Release|Any CPU
		{3EAE629B-056A-48D1-8B56-14CC259A48A9}.Release|Any CPU.Build.0 = Release|Any CPU
		{3EAE629B-056A-48D1-8B56-14CC259A48A9}.Release|x86.ActiveCfg = Release|Any CPU
		{2AC9C27E-6FAB-4EAA-AC2F-55691AFC24F6}.Debug|Any CPU.ActiveCfg = Debug|Any CPU
		{2AC9C27E-6FAB-4EAA-AC2F-55691AFC24F6}.Debug|Any CPU.Build.0 = Debug|Any CPU
		{2AC9C27E-6FAB-4EAA-AC2F-55691AFC24F6}.Debug|x86.ActiveCfg = Debug|Any CPU
		{2AC9C27E-6FAB-4EAA-AC2F-55691AFC24F6}.Debug|x86.Build.0 = Debug|Any CPU
		{2AC9C27E-6FAB-4EAA-AC2F-55691AFC24F6}.Release|Any CPU.ActiveCfg = Release|Any CPU
		{2AC9C27E-6FAB-4EAA-AC2F-55691AFC24F6}.Release|Any CPU.Build.0 = Release|Any CPU
		{2AC9C27E-6FAB-4EAA-AC2F-55691AFC24F6}.Release|x86.ActiveCfg = Release|Any CPU
		{2AC9C27E-6FAB-4EAA-AC2F-55691AFC24F6}.Release|x86.Build.0 = Release|Any CPU
		{D55D238D-616B-4AC6-ACEC-1C6D34F94A07}.Debug|Any CPU.ActiveCfg = Debug|Any CPU
		{D55D238D-616B-4AC6-ACEC-1C6D34F94A07}.Debug|Any CPU.Build.0 = Debug|Any CPU
		{D55D238D-616B-4AC6-ACEC-1C6D34F94A07}.Debug|x86.ActiveCfg = Debug|Any CPU
		{D55D238D-616B-4AC6-ACEC-1C6D34F94A07}.Debug|x86.Build.0 = Debug|Any CPU
		{D55D238D-616B-4AC6-ACEC-1C6D34F94A07}.Release|Any CPU.ActiveCfg = Release|Any CPU
		{D55D238D-616B-4AC6-ACEC-1C6D34F94A07}.Release|Any CPU.Build.0 = Release|Any CPU
		{D55D238D-616B-4AC6-ACEC-1C6D34F94A07}.Release|x86.ActiveCfg = Release|Any CPU
		{D55D238D-616B-4AC6-ACEC-1C6D34F94A07}.Release|x86.Build.0 = Release|Any CPU
		{1596B98A-6BB1-45D8-A08D-891D9165CC03}.Debug|Any CPU.ActiveCfg = Debug|Any CPU
		{1596B98A-6BB1-45D8-A08D-891D9165CC03}.Debug|Any CPU.Build.0 = Debug|Any CPU
		{1596B98A-6BB1-45D8-A08D-891D9165CC03}.Debug|x86.ActiveCfg = Debug|Any CPU
		{1596B98A-6BB1-45D8-A08D-891D9165CC03}.Debug|x86.Build.0 = Debug|Any CPU
		{1596B98A-6BB1-45D8-A08D-891D9165CC03}.Release|Any CPU.ActiveCfg = Release|Any CPU
		{1596B98A-6BB1-45D8-A08D-891D9165CC03}.Release|Any CPU.Build.0 = Release|Any CPU
		{1596B98A-6BB1-45D8-A08D-891D9165CC03}.Release|x86.ActiveCfg = Release|Any CPU
		{1596B98A-6BB1-45D8-A08D-891D9165CC03}.Release|x86.Build.0 = Release|Any CPU
		{995498BD-68E4-4DAD-98C3-42563DBD79D8}.Debug|Any CPU.ActiveCfg = Debug|Any CPU
		{995498BD-68E4-4DAD-98C3-42563DBD79D8}.Debug|Any CPU.Build.0 = Debug|Any CPU
		{995498BD-68E4-4DAD-98C3-42563DBD79D8}.Debug|x86.ActiveCfg = Debug|Any CPU
		{995498BD-68E4-4DAD-98C3-42563DBD79D8}.Debug|x86.Build.0 = Debug|Any CPU
		{995498BD-68E4-4DAD-98C3-42563DBD79D8}.Release|Any CPU.ActiveCfg = Release|Any CPU
		{995498BD-68E4-4DAD-98C3-42563DBD79D8}.Release|Any CPU.Build.0 = Release|Any CPU
		{995498BD-68E4-4DAD-98C3-42563DBD79D8}.Release|x86.ActiveCfg = Release|Any CPU
		{995498BD-68E4-4DAD-98C3-42563DBD79D8}.Release|x86.Build.0 = Release|Any CPU
		{141D44F7-77DD-49B2-AA86-56CFF916F13F}.Debug|Any CPU.ActiveCfg = Debug|Any CPU
		{141D44F7-77DD-49B2-AA86-56CFF916F13F}.Debug|Any CPU.Build.0 = Debug|Any CPU
		{141D44F7-77DD-49B2-AA86-56CFF916F13F}.Debug|x86.ActiveCfg = Debug|Any CPU
		{141D44F7-77DD-49B2-AA86-56CFF916F13F}.Debug|x86.Build.0 = Debug|Any CPU
		{141D44F7-77DD-49B2-AA86-56CFF916F13F}.Release|Any CPU.ActiveCfg = Release|Any CPU
		{141D44F7-77DD-49B2-AA86-56CFF916F13F}.Release|Any CPU.Build.0 = Release|Any CPU
		{141D44F7-77DD-49B2-AA86-56CFF916F13F}.Release|x86.ActiveCfg = Release|Any CPU
		{141D44F7-77DD-49B2-AA86-56CFF916F13F}.Release|x86.Build.0 = Release|Any CPU
		{44088962-C48A-4623-9CF1-5C3864EAA2EF}.Debug|Any CPU.ActiveCfg = Debug|Any CPU
		{44088962-C48A-4623-9CF1-5C3864EAA2EF}.Debug|Any CPU.Build.0 = Debug|Any CPU
		{44088962-C48A-4623-9CF1-5C3864EAA2EF}.Debug|x86.ActiveCfg = Debug|Any CPU
		{44088962-C48A-4623-9CF1-5C3864EAA2EF}.Debug|x86.Build.0 = Debug|Any CPU
		{44088962-C48A-4623-9CF1-5C3864EAA2EF}.Release|Any CPU.ActiveCfg = Release|Any CPU
		{44088962-C48A-4623-9CF1-5C3864EAA2EF}.Release|Any CPU.Build.0 = Release|Any CPU
		{44088962-C48A-4623-9CF1-5C3864EAA2EF}.Release|x86.ActiveCfg = Release|Any CPU
		{44088962-C48A-4623-9CF1-5C3864EAA2EF}.Release|x86.Build.0 = Release|Any CPU
		{77B11B88-CEDA-40C3-8B83-E2EF31BCE0B3}.Debug|Any CPU.ActiveCfg = Debug|Any CPU
		{77B11B88-CEDA-40C3-8B83-E2EF31BCE0B3}.Debug|Any CPU.Build.0 = Debug|Any CPU
		{77B11B88-CEDA-40C3-8B83-E2EF31BCE0B3}.Debug|x86.ActiveCfg = Debug|Any CPU
		{77B11B88-CEDA-40C3-8B83-E2EF31BCE0B3}.Debug|x86.Build.0 = Debug|Any CPU
		{77B11B88-CEDA-40C3-8B83-E2EF31BCE0B3}.Release|Any CPU.ActiveCfg = Release|Any CPU
		{77B11B88-CEDA-40C3-8B83-E2EF31BCE0B3}.Release|Any CPU.Build.0 = Release|Any CPU
		{77B11B88-CEDA-40C3-8B83-E2EF31BCE0B3}.Release|x86.ActiveCfg = Release|Any CPU
		{77B11B88-CEDA-40C3-8B83-E2EF31BCE0B3}.Release|x86.Build.0 = Release|Any CPU
	EndGlobalSection
	GlobalSection(SolutionProperties) = preSolution
		HideSolutionNode = FALSE
	EndGlobalSection
	GlobalSection(ExtensibilityGlobals) = postSolution
		SolutionGuid = {F123315E-02A1-45D8-B4FB-F3AD22DE0475}
	EndGlobalSection
EndGlobal
